{
  "name": "node-emgucv-autoit-generator",
  "version": "0.0.0",
  "lockfileVersion": 2,
  "requires": true,
  "packages": {
    "": {
      "version": "0.0.0",
      "license": "ISC",
      "dependencies": {
        "async": "^3.2.0",
        "eol": "^0.9.1",
        "fs-explorer": "^1.4.2",
        "mkdirp": "^1.0.4"
      },
      "devDependencies": {
        "@ffi-packager/libclang": "github:node-ffi-packager/node-libclang#semver:v2.0.2"
      }
    },
    "node_modules/@ffi-packager/libclang": {
      "version": "2.0.2",
      "resolved": "git+ssh://git@github.com/node-ffi-packager/node-libclang.git#6bcba1ba5b5f5b2ed5e62b562baf189dde9ae4be",
      "dev": true,
      "license": "MIT",
      "dependencies": {
        "engine-check": "^1.0.1",
        "ffi-napi": "^4.0.3",
        "ref-array-di": "^1.2.2",
        "ref-napi": "^3.0.3",
        "ref-struct-di": "^1.1.1",
        "ref-union-di": "^1.0.1"
      },
      "engines": {
        "node": "^12.0.0 || ^14.0.0 || ^16.0.0"
      }
    },
    "node_modules/array-index": {
      "version": "1.0.0",
      "resolved": "https://registry.npmjs.org/array-index/-/array-index-1.0.0.tgz",
      "integrity": "sha1-7FanSe4QPk4Ix5C5w1PfFgVbl/k=",
      "dev": true,
      "dependencies": {
        "debug": "^2.2.0",
        "es6-symbol": "^3.0.2"
      },
      "engines": {
        "node": "*"
      }
    },
    "node_modules/array-index/node_modules/debug": {
      "version": "2.6.9",
      "resolved": "https://registry.npmjs.org/debug/-/debug-2.6.9.tgz",
      "integrity": "sha512-bC7ElrdJaJnPbAP+1EotYvqZsb3ecl5wi6Bfi6BJTUcNowp6cvspg0jXznRTKDjm/E7AdgFBVeAPVMNcKGsHMA==",
      "dev": true,
      "dependencies": {
        "ms": "2.0.0"
      }
    },
    "node_modules/array-index/node_modules/ms": {
      "version": "2.0.0",
      "resolved": "https://registry.npmjs.org/ms/-/ms-2.0.0.tgz",
      "integrity": "sha1-VgiurfwAvmwpAd9fmGF4jeDVl8g=",
      "dev": true
    },
    "node_modules/async": {
      "version": "3.2.0",
      "resolved": "https://registry.npmjs.org/async/-/async-3.2.0.tgz",
      "integrity": "sha512-TR2mEZFVOj2pLStYxLht7TyfuRzaydfpxr3k9RpHIzMgw7A64dzsdqCxH1WJyQdoe8T10nDXd9wnEigmiuHIZw=="
    },
    "node_modules/d": {
      "version": "1.0.1",
      "resolved": "https://registry.npmjs.org/d/-/d-1.0.1.tgz",
      "integrity": "sha512-m62ShEObQ39CfralilEQRjH6oAMtNCV1xJyEx5LpRYUVN+EviphDgUc/F3hnYbADmkiNs67Y+3ylmlG7Lnu+FA==",
      "dev": true,
      "dependencies": {
        "es5-ext": "^0.10.50",
        "type": "^1.0.1"
      }
    },
    "node_modules/debug": {
      "version": "4.3.2",
      "resolved": "https://registry.npmjs.org/debug/-/debug-4.3.2.tgz",
      "integrity": "sha512-mOp8wKcvj7XxC78zLgw/ZA+6TSgkoE2C/ienthhRD298T7UNwAg9diBpLRxC0mOezLl4B0xV7M0cCO6P/O0Xhw==",
      "dev": true,
      "dependencies": {
        "ms": "2.1.2"
      },
      "engines": {
        "node": ">=6.0"
      },
      "peerDependenciesMeta": {
        "supports-color": {
          "optional": true
        }
      }
    },
    "node_modules/engine-check": {
      "version": "1.0.1",
      "resolved": "https://registry.npmjs.org/engine-check/-/engine-check-1.0.1.tgz",
      "integrity": "sha512-We1LIiRIkaGfEvhuqgmvyJiZFGO+lpD7nMfSFryM5UaFhrh9vfZWYbb4lqZhsnVCRW55RSflC7WgTiEHbdbIAA==",
      "dev": true,
      "dependencies": {
        "semver": "^5.0"
      },
      "engines": {
        "iojs": "*",
        "node": ">=0.10"
      }
    },
    "node_modules/eol": {
      "version": "0.9.1",
      "resolved": "https://registry.npmjs.org/eol/-/eol-0.9.1.tgz",
      "integrity": "sha512-Ds/TEoZjwggRoz/Q2O7SE3i4Jm66mqTDfmdHdq/7DKVk3bro9Q8h6WdXKdPqFLMoqxrDK5SVRzHVPOS6uuGtrg=="
    },
    "node_modules/es5-ext": {
      "version": "0.10.53",
      "resolved": "https://registry.npmjs.org/es5-ext/-/es5-ext-0.10.53.tgz",
      "integrity": "sha512-Xs2Stw6NiNHWypzRTY1MtaG/uJlwCk8kH81920ma8mvN8Xq1gsfhZvpkImLQArw8AHnv8MT2I45J3c0R8slE+Q==",
      "dev": true,
      "dependencies": {
        "es6-iterator": "~2.0.3",
        "es6-symbol": "~3.1.3",
        "next-tick": "~1.0.0"
      }
    },
    "node_modules/es6-iterator": {
      "version": "2.0.3",
      "resolved": "https://registry.npmjs.org/es6-iterator/-/es6-iterator-2.0.3.tgz",
      "integrity": "sha1-p96IkUGgWpSwhUQDstCg+/qY87c=",
      "dev": true,
      "dependencies": {
        "d": "1",
        "es5-ext": "^0.10.35",
        "es6-symbol": "^3.1.1"
      }
    },
    "node_modules/es6-symbol": {
      "version": "3.1.3",
      "resolved": "https://registry.npmjs.org/es6-symbol/-/es6-symbol-3.1.3.tgz",
      "integrity": "sha512-NJ6Yn3FuDinBaBRWl/q5X/s4koRHBrgKAu+yGI6JCBeiu3qrcbJhwT2GeR/EXVfylRk8dpQVJoLEFhK+Mu31NA==",
      "dev": true,
      "dependencies": {
        "d": "^1.0.1",
        "ext": "^1.1.2"
      }
    },
    "node_modules/ext": {
      "version": "1.4.0",
      "resolved": "https://registry.npmjs.org/ext/-/ext-1.4.0.tgz",
      "integrity": "sha512-Key5NIsUxdqKg3vIsdw9dSuXpPCQ297y6wBjL30edxwPgt2E44WcWBZey/ZvUc6sERLTxKdyCu4gZFmUbk1Q7A==",
      "dev": true,
      "dependencies": {
        "type": "^2.0.0"
      }
    },
    "node_modules/ext/node_modules/type": {
      "version": "2.5.0",
      "resolved": "https://registry.npmjs.org/type/-/type-2.5.0.tgz",
      "integrity": "sha512-180WMDQaIMm3+7hGXWf12GtdniDEy7nYcyFMKJn/eZz/6tSLXrUN9V0wKSbMjej0I1WHWbpREDEKHtqPQa9NNw==",
      "dev": true
    },
    "node_modules/ffi-napi": {
      "version": "4.0.3",
      "resolved": "https://registry.npmjs.org/ffi-napi/-/ffi-napi-4.0.3.tgz",
      "integrity": "sha512-PMdLCIvDY9mS32RxZ0XGb95sonPRal8aqRhLbeEtWKZTe2A87qRFG9HjOhvG8EX2UmQw5XNRMIOT+1MYlWmdeg==",
      "dev": true,
      "hasInstallScript": true,
      "dependencies": {
        "debug": "^4.1.1",
        "get-uv-event-loop-napi-h": "^1.0.5",
        "node-addon-api": "^3.0.0",
        "node-gyp-build": "^4.2.1",
        "ref-napi": "^2.0.1 || ^3.0.2",
        "ref-struct-di": "^1.1.0"
      },
      "engines": {
        "node": ">=10"
      }
    },
    "node_modules/fs-explorer": {
      "version": "1.4.2",
      "resolved": "https://registry.npmjs.org/fs-explorer/-/fs-explorer-1.4.2.tgz",
      "integrity": "sha512-cUE1sxOPUZRVWArm52WcykFnsgbdMHMMi4cehzPgrMQ37IjUbqYhebcCfwd0l6/tUSUBwddq34EGB4hqRBD2Qw==",
      "dependencies": {
        "sem-lib": "^2.6.2"
      }
    },
    "node_modules/get-symbol-from-current-process-h": {
      "version": "1.0.2",
      "resolved": "https://registry.npmjs.org/get-symbol-from-current-process-h/-/get-symbol-from-current-process-h-1.0.2.tgz",
      "integrity": "sha512-syloC6fsCt62ELLrr1VKBM1ggOpMdetX9hTrdW77UQdcApPHLmf7CI7OKcN1c9kYuNxKcDe4iJ4FY9sX3aw2xw==",
      "dev": true
    },
    "node_modules/get-uv-event-loop-napi-h": {
      "version": "1.0.6",
      "resolved": "https://registry.npmjs.org/get-uv-event-loop-napi-h/-/get-uv-event-loop-napi-h-1.0.6.tgz",
      "integrity": "sha512-t5c9VNR84nRoF+eLiz6wFrEp1SE2Acg0wS+Ysa2zF0eROes+LzOfuTaVHxGy8AbS8rq7FHEJzjnCZo1BupwdJg==",
      "dev": true,
      "dependencies": {
        "get-symbol-from-current-process-h": "^1.0.1"
      }
    },
    "node_modules/mkdirp": {
      "version": "1.0.4",
      "resolved": "https://registry.npmjs.org/mkdirp/-/mkdirp-1.0.4.tgz",
      "integrity": "sha512-vVqVZQyf3WLx2Shd0qJ9xuvqgAyKPLAiqITEtqW0oIUjzo3PePDd6fW9iFz30ef7Ysp/oiWqbhszeGWW2T6Gzw==",
      "bin": {
        "mkdirp": "bin/cmd.js"
      },
      "engines": {
        "node": ">=10"
      }
    },
    "node_modules/ms": {
      "version": "2.1.2",
      "resolved": "https://registry.npmjs.org/ms/-/ms-2.1.2.tgz",
      "integrity": "sha512-sGkPx+VjMtmA6MX27oA4FBFELFCZZ4S4XqeGOXCv68tT+jb3vk/RyaKWP0PTKyWtmLSM0b+adUTEvbs1PEaH2w==",
      "dev": true
    },
    "node_modules/next-tick": {
      "version": "1.0.0",
      "resolved": "https://registry.npmjs.org/next-tick/-/next-tick-1.0.0.tgz",
      "integrity": "sha1-yobR/ogoFpsBICCOPchCS524NCw=",
      "dev": true
    },
    "node_modules/node-addon-api": {
      "version": "3.2.1",
      "resolved": "https://registry.npmjs.org/node-addon-api/-/node-addon-api-3.2.1.tgz",
      "integrity": "sha512-mmcei9JghVNDYydghQmeDX8KoAm0FAiYyIcUt/N4nhyAipB17pllZQDOJD2fotxABnt4Mdz+dKTO7eftLg4d0A==",
      "dev": true
    },
    "node_modules/node-gyp-build": {
      "version": "4.2.3",
      "resolved": "https://registry.npmjs.org/node-gyp-build/-/node-gyp-build-4.2.3.tgz",
      "integrity": "sha512-MN6ZpzmfNCRM+3t57PTJHgHyw/h4OWnZ6mR8P5j/uZtqQr46RRuDE/P+g3n0YR/AiYXeWixZZzaip77gdICfRg==",
      "dev": true,
      "bin": {
        "node-gyp-build": "bin.js",
        "node-gyp-build-optional": "optional.js",
        "node-gyp-build-test": "build-test.js"
      }
    },
    "node_modules/ref-array-di": {
      "version": "1.2.2",
      "resolved": "https://registry.npmjs.org/ref-array-di/-/ref-array-di-1.2.2.tgz",
      "integrity": "sha512-jhCmhqWa7kvCVrWhR/d7RemkppqPUdxEil1CtTtm7FkZV8LcHHCK3Or9GinUiFP5WY3k0djUkMvhBhx49Jb2iA==",
      "dev": true,
      "dependencies": {
        "array-index": "^1.0.0",
        "debug": "^3.1.0"
      }
    },
    "node_modules/ref-array-di/node_modules/debug": {
      "version": "3.2.7",
      "resolved": "https://registry.npmjs.org/debug/-/debug-3.2.7.tgz",
      "integrity": "sha512-CFjzYYAi4ThfiQvizrFQevTTXHtnCqWfe7x1AhgEscTz6ZbLbfoLRLPugTQyBth6f8ZERVUSyWHFD/7Wu4t1XQ==",
      "dev": true,
      "dependencies": {
        "ms": "^2.1.1"
      }
    },
    "node_modules/ref-napi": {
      "version": "3.0.3",
      "resolved": "https://registry.npmjs.org/ref-napi/-/ref-napi-3.0.3.tgz",
      "integrity": "sha512-LiMq/XDGcgodTYOMppikEtJelWsKQERbLQsYm0IOOnzhwE9xYZC7x8txNnFC9wJNOkPferQI4vD4ZkC0mDyrOA==",
      "dev": true,
      "hasInstallScript": true,
      "dependencies": {
        "debug": "^4.1.1",
        "get-symbol-from-current-process-h": "^1.0.2",
        "node-addon-api": "^3.0.0",
        "node-gyp-build": "^4.2.1"
      },
      "engines": {
        "node": ">= 10.0"
      }
    },
    "node_modules/ref-struct-di": {
      "version": "1.1.1",
      "resolved": "https://registry.npmjs.org/ref-struct-di/-/ref-struct-di-1.1.1.tgz",
      "integrity": "sha512-2Xyn/0Qgz89VT+++WP0sTosdm9oeowLP23wRJYhG4BFdMUrLj3jhwHZNEytYNYgtPKLNTP3KJX4HEgBvM1/Y2g==",
      "dev": true,
      "dependencies": {
        "debug": "^3.1.0"
      }
    },
    "node_modules/ref-struct-di/node_modules/debug": {
      "version": "3.2.7",
      "resolved": "https://registry.npmjs.org/debug/-/debug-3.2.7.tgz",
      "integrity": "sha512-CFjzYYAi4ThfiQvizrFQevTTXHtnCqWfe7x1AhgEscTz6ZbLbfoLRLPugTQyBth6f8ZERVUSyWHFD/7Wu4t1XQ==",
      "dev": true,
      "dependencies": {
        "ms": "^2.1.1"
      }
    },
    "node_modules/ref-union-di": {
      "version": "1.0.1",
      "resolved": "https://registry.npmjs.org/ref-union-di/-/ref-union-di-1.0.1.tgz",
      "integrity": "sha512-JWSF2BwNVtCgmEfoDGMh8S1KO07oq+T8L7cBHwcsmQmeXDZd9JNlrxU+ebSHs+jsf0qrqFFWXMCmj94Tcl26TA==",
      "dev": true,
      "dependencies": {
        "debug": "^3.1.0"
      }
    },
    "node_modules/ref-union-di/node_modules/debug": {
      "version": "3.2.7",
      "resolved": "https://registry.npmjs.org/debug/-/debug-3.2.7.tgz",
      "integrity": "sha512-CFjzYYAi4ThfiQvizrFQevTTXHtnCqWfe7x1AhgEscTz6ZbLbfoLRLPugTQyBth6f8ZERVUSyWHFD/7Wu4t1XQ==",
      "dev": true,
      "dependencies": {
        "ms": "^2.1.1"
      }
    },
    "node_modules/sem-lib": {
      "version": "2.6.4",
      "resolved": "https://registry.npmjs.org/sem-lib/-/sem-lib-2.6.4.tgz",
      "integrity": "sha512-xMsl8n78vdMZryfknavKm3psDcTthMcRUvHZkcCS/R/NSappWCID4xRCNzXiqWSY5CgQ6MbGzhukYXqm32QJBg=="
    },
    "node_modules/semver": {
      "version": "5.7.1",
      "resolved": "https://registry.npmjs.org/semver/-/semver-5.7.1.tgz",
      "integrity": "sha512-sauaDf/PZdVgrLTNYHRtpXa1iRiKcaebiKQ1BJdpQlWH2lCvexQdX55snPFyK7QzpudqbCI0qXFfOasHdyNDGQ==",
      "dev": true,
      "bin": {
        "semver": "bin/semver"
      }
    },
    "node_modules/type": {
      "version": "1.2.0",
      "resolved": "https://registry.npmjs.org/type/-/type-1.2.0.tgz",
      "integrity": "sha512-+5nt5AAniqsCnu2cEQQdpzCAh33kVx8n0VoFidKpB1dVVLAN/F+bgVOqOJqOnEnrhp222clB5p3vUlD+1QAnfg==",
      "dev": true
    }
  },
  "dependencies": {
    "@ffi-packager/libclang": {
      "version": "git+ssh://git@github.com/node-ffi-packager/node-libclang.git#6bcba1ba5b5f5b2ed5e62b562baf189dde9ae4be",
      "dev": true,
      "from": "@ffi-packager/libclang@github:node-ffi-packager/node-libclang#semver:v2.0.2",
      "requires": {
        "engine-check": "^1.0.1",
        "ffi-napi": "^4.0.3",
        "ref-array-di": "^1.2.2",
        "ref-napi": "^3.0.3",
        "ref-struct-di": "^1.1.1",
        "ref-union-di": "^1.0.1"
      }
    },
    "array-index": {
      "version": "1.0.0",
      "resolved": "https://registry.npmjs.org/array-index/-/array-index-1.0.0.tgz",
      "integrity": "sha1-7FanSe4QPk4Ix5C5w1PfFgVbl/k=",
      "dev": true,
      "requires": {
        "debug": "^2.2.0",
        "es6-symbol": "^3.0.2"
      },
      "dependencies": {
        "debug": {
          "version": "2.6.9",
          "resolved": "https://registry.npmjs.org/debug/-/debug-2.6.9.tgz",
          "integrity": "sha512-bC7ElrdJaJnPbAP+1EotYvqZsb3ecl5wi6Bfi6BJTUcNowp6cvspg0jXznRTKDjm/E7AdgFBVeAPVMNcKGsHMA==",
          "dev": true,
          "requires": {
            "ms": "2.0.0"
          }
        },
        "ms": {
          "version": "2.0.0",
          "resolved": "https://registry.npmjs.org/ms/-/ms-2.0.0.tgz",
          "integrity": "sha1-VgiurfwAvmwpAd9fmGF4jeDVl8g=",
          "dev": true
        }
      }
    },
    "async": {
      "version": "3.2.0",
      "resolved": "https://registry.npmjs.org/async/-/async-3.2.0.tgz",
      "integrity": "sha512-TR2mEZFVOj2pLStYxLht7TyfuRzaydfpxr3k9RpHIzMgw7A64dzsdqCxH1WJyQdoe8T10nDXd9wnEigmiuHIZw=="
    },
    "d": {
      "version": "1.0.1",
      "resolved": "https://registry.npmjs.org/d/-/d-1.0.1.tgz",
      "integrity": "sha512-m62ShEObQ39CfralilEQRjH6oAMtNCV1xJyEx5LpRYUVN+EviphDgUc/F3hnYbADmkiNs67Y+3ylmlG7Lnu+FA==",
      "dev": true,
      "requires": {
        "es5-ext": "^0.10.50",
        "type": "^1.0.1"
      }
    },
    "debug": {
      "version": "4.3.2",
      "resolved": "https://registry.npmjs.org/debug/-/debug-4.3.2.tgz",
      "integrity": "sha512-mOp8wKcvj7XxC78zLgw/ZA+6TSgkoE2C/ienthhRD298T7UNwAg9diBpLRxC0mOezLl4B0xV7M0cCO6P/O0Xhw==",
      "dev": true,
      "requires": {
        "ms": "2.1.2"
      }
    },
    "engine-check": {
      "version": "1.0.1",
      "resolved": "https://registry.npmjs.org/engine-check/-/engine-check-1.0.1.tgz",
      "integrity": "sha512-We1LIiRIkaGfEvhuqgmvyJiZFGO+lpD7nMfSFryM5UaFhrh9vfZWYbb4lqZhsnVCRW55RSflC7WgTiEHbdbIAA==",
      "dev": true,
      "requires": {
        "semver": "^5.0"
      }
    },
    "eol": {
      "version": "0.9.1",
      "resolved": "https://registry.npmjs.org/eol/-/eol-0.9.1.tgz",
      "integrity": "sha512-Ds/TEoZjwggRoz/Q2O7SE3i4Jm66mqTDfmdHdq/7DKVk3bro9Q8h6WdXKdPqFLMoqxrDK5SVRzHVPOS6uuGtrg=="
    },
    "es5-ext": {
      "version": "0.10.53",
      "resolved": "https://registry.npmjs.org/es5-ext/-/es5-ext-0.10.53.tgz",
      "integrity": "sha512-Xs2Stw6NiNHWypzRTY1MtaG/uJlwCk8kH81920ma8mvN8Xq1gsfhZvpkImLQArw8AHnv8MT2I45J3c0R8slE+Q==",
      "dev": true,
      "requires": {
        "es6-iterator": "~2.0.3",
        "es6-symbol": "~3.1.3",
        "next-tick": "~1.0.0"
      }
    },
    "es6-iterator": {
      "version": "2.0.3",
      "resolved": "https://registry.npmjs.org/es6-iterator/-/es6-iterator-2.0.3.tgz",
      "integrity": "sha1-p96IkUGgWpSwhUQDstCg+/qY87c=",
      "dev": true,
      "requires": {
        "d": "1",
        "es5-ext": "^0.10.35",
        "es6-symbol": "^3.1.1"
      }
    },
    "es6-symbol": {
      "version": "3.1.3",
      "resolved": "https://registry.npmjs.org/es6-symbol/-/es6-symbol-3.1.3.tgz",
      "integrity": "sha512-NJ6Yn3FuDinBaBRWl/q5X/s4koRHBrgKAu+yGI6JCBeiu3qrcbJhwT2GeR/EXVfylRk8dpQVJoLEFhK+Mu31NA==",
      "dev": true,
      "requires": {
        "d": "^1.0.1",
        "ext": "^1.1.2"
      }
    },
    "ext": {
      "version": "1.4.0",
      "resolved": "https://registry.npmjs.org/ext/-/ext-1.4.0.tgz",
      "integrity": "sha512-Key5NIsUxdqKg3vIsdw9dSuXpPCQ297y6wBjL30edxwPgt2E44WcWBZey/ZvUc6sERLTxKdyCu4gZFmUbk1Q7A==",
      "dev": true,
      "requires": {
        "type": "^2.0.0"
      },
      "dependencies": {
        "type": {
          "version": "2.5.0",
          "resolved": "https://registry.npmjs.org/type/-/type-2.5.0.tgz",
          "integrity": "sha512-180WMDQaIMm3+7hGXWf12GtdniDEy7nYcyFMKJn/eZz/6tSLXrUN9V0wKSbMjej0I1WHWbpREDEKHtqPQa9NNw==",
          "dev": true
        }
      }
    },
    "ffi-napi": {
      "version": "4.0.3",
      "resolved": "https://registry.npmjs.org/ffi-napi/-/ffi-napi-4.0.3.tgz",
      "integrity": "sha512-PMdLCIvDY9mS32RxZ0XGb95sonPRal8aqRhLbeEtWKZTe2A87qRFG9HjOhvG8EX2UmQw5XNRMIOT+1MYlWmdeg==",
      "dev": true,
      "requires": {
        "debug": "^4.1.1",
        "get-uv-event-loop-napi-h": "^1.0.5",
        "node-addon-api": "^3.0.0",
        "node-gyp-build": "^4.2.1",
        "ref-napi": "^2.0.1 || ^3.0.2",
        "ref-struct-di": "^1.1.0"
      }
    },
    "fs-explorer": {
      "version": "1.4.2",
      "resolved": "https://registry.npmjs.org/fs-explorer/-/fs-explorer-1.4.2.tgz",
      "integrity": "sha512-cUE1sxOPUZRVWArm52WcykFnsgbdMHMMi4cehzPgrMQ37IjUbqYhebcCfwd0l6/tUSUBwddq34EGB4hqRBD2Qw==",
      "requires": {
        "sem-lib": "^2.6.2"
      }
    },
    "get-symbol-from-current-process-h": {
      "version": "1.0.2",
      "resolved": "https://registry.npmjs.org/get-symbol-from-current-process-h/-/get-symbol-from-current-process-h-1.0.2.tgz",
      "integrity": "sha512-syloC6fsCt62ELLrr1VKBM1ggOpMdetX9hTrdW77UQdcApPHLmf7CI7OKcN1c9kYuNxKcDe4iJ4FY9sX3aw2xw==",
      "dev": true
    },
    "get-uv-event-loop-napi-h": {
      "version": "1.0.6",
      "resolved": "https://registry.npmjs.org/get-uv-event-loop-napi-h/-/get-uv-event-loop-napi-h-1.0.6.tgz",
      "integrity": "sha512-t5c9VNR84nRoF+eLiz6wFrEp1SE2Acg0wS+Ysa2zF0eROes+LzOfuTaVHxGy8AbS8rq7FHEJzjnCZo1BupwdJg==",
      "dev": true,
      "requires": {
        "get-symbol-from-current-process-h": "^1.0.1"
      }
    },
    "mkdirp": {
      "version": "1.0.4",
      "resolved": "https://registry.npmjs.org/mkdirp/-/mkdirp-1.0.4.tgz",
      "integrity": "sha512-vVqVZQyf3WLx2Shd0qJ9xuvqgAyKPLAiqITEtqW0oIUjzo3PePDd6fW9iFz30ef7Ysp/oiWqbhszeGWW2T6Gzw=="
    },
    "ms": {
      "version": "2.1.2",
      "resolved": "https://registry.npmjs.org/ms/-/ms-2.1.2.tgz",
      "integrity": "sha512-sGkPx+VjMtmA6MX27oA4FBFELFCZZ4S4XqeGOXCv68tT+jb3vk/RyaKWP0PTKyWtmLSM0b+adUTEvbs1PEaH2w==",
      "dev": true
    },
    "next-tick": {
      "version": "1.0.0",
      "resolved": "https://registry.npmjs.org/next-tick/-/next-tick-1.0.0.tgz",
      "integrity": "sha1-yobR/ogoFpsBICCOPchCS524NCw=",
      "dev": true
    },
    "node-addon-api": {
      "version": "3.2.1",
      "resolved": "https://registry.npmjs.org/node-addon-api/-/node-addon-api-3.2.1.tgz",
      "integrity": "sha512-mmcei9JghVNDYydghQmeDX8KoAm0FAiYyIcUt/N4nhyAipB17pllZQDOJD2fotxABnt4Mdz+dKTO7eftLg4d0A==",
      "dev": true
    },
    "node-gyp-build": {
      "version": "4.2.3",
      "resolved": "https://registry.npmjs.org/node-gyp-build/-/node-gyp-build-4.2.3.tgz",
      "integrity": "sha512-MN6ZpzmfNCRM+3t57PTJHgHyw/h4OWnZ6mR8P5j/uZtqQr46RRuDE/P+g3n0YR/AiYXeWixZZzaip77gdICfRg==",
      "dev": true
    },
    "ref-array-di": {
      "version": "1.2.2",
      "resolved": "https://registry.npmjs.org/ref-array-di/-/ref-array-di-1.2.2.tgz",
      "integrity": "sha512-jhCmhqWa7kvCVrWhR/d7RemkppqPUdxEil1CtTtm7FkZV8LcHHCK3Or9GinUiFP5WY3k0djUkMvhBhx49Jb2iA==",
      "dev": true,
      "requires": {
        "array-index": "^1.0.0",
        "debug": "^3.1.0"
      },
      "dependencies": {
        "debug": {
          "version": "3.2.7",
          "resolved": "https://registry.npmjs.org/debug/-/debug-3.2.7.tgz",
          "integrity": "sha512-CFjzYYAi4ThfiQvizrFQevTTXHtnCqWfe7x1AhgEscTz6ZbLbfoLRLPugTQyBth6f8ZERVUSyWHFD/7Wu4t1XQ==",
          "dev": true,
          "requires": {
            "ms": "^2.1.1"
          }
        }
      }
    },
    "ref-napi": {
      "version": "3.0.3",
      "resolved": "https://registry.npmjs.org/ref-napi/-/ref-napi-3.0.3.tgz",
      "integrity": "sha512-LiMq/XDGcgodTYOMppikEtJelWsKQERbLQsYm0IOOnzhwE9xYZC7x8txNnFC9wJNOkPferQI4vD4ZkC0mDyrOA==",
      "dev": true,
      "requires": {
        "debug": "^4.1.1",
        "get-symbol-from-current-process-h": "^1.0.2",
        "node-addon-api": "^3.0.0",
        "node-gyp-build": "^4.2.1"
      }
    },
    "ref-struct-di": {
      "version": "1.1.1",
      "resolved": "https://registry.npmjs.org/ref-struct-di/-/ref-struct-di-1.1.1.tgz",
      "integrity": "sha512-2Xyn/0Qgz89VT+++WP0sTosdm9oeowLP23wRJYhG4BFdMUrLj3jhwHZNEytYNYgtPKLNTP3KJX4HEgBvM1/Y2g==",
      "dev": true,
      "requires": {
        "debug": "^3.1.0"
      },
      "dependencies": {
        "debug": {
          "version": "3.2.7",
          "resolved": "https://registry.npmjs.org/debug/-/debug-3.2.7.tgz",
          "integrity": "sha512-CFjzYYAi4ThfiQvizrFQevTTXHtnCqWfe7x1AhgEscTz6ZbLbfoLRLPugTQyBth6f8ZERVUSyWHFD/7Wu4t1XQ==",
          "dev": true,
          "requires": {
            "ms": "^2.1.1"
          }
        }
      }
    },
    "ref-union-di": {
      "version": "1.0.1",
      "resolved": "https://registry.npmjs.org/ref-union-di/-/ref-union-di-1.0.1.tgz",
      "integrity": "sha512-JWSF2BwNVtCgmEfoDGMh8S1KO07oq+T8L7cBHwcsmQmeXDZd9JNlrxU+ebSHs+jsf0qrqFFWXMCmj94Tcl26TA==",
      "dev": true,
      "requires": {
        "debug": "^3.1.0"
      },
      "dependencies": {
        "debug": {
          "version": "3.2.7",
          "resolved": "https://registry.npmjs.org/debug/-/debug-3.2.7.tgz",
          "integrity": "sha512-CFjzYYAi4ThfiQvizrFQevTTXHtnCqWfe7x1AhgEscTz6ZbLbfoLRLPugTQyBth6f8ZERVUSyWHFD/7Wu4t1XQ==",
          "dev": true,
          "requires": {
            "ms": "^2.1.1"
          }
        }
      }
    },
    "sem-lib": {
      "version": "2.6.4",
      "resolved": "https://registry.npmjs.org/sem-lib/-/sem-lib-2.6.4.tgz",
      "integrity": "sha512-xMsl8n78vdMZryfknavKm3psDcTthMcRUvHZkcCS/R/NSappWCID4xRCNzXiqWSY5CgQ6MbGzhukYXqm32QJBg=="
    },
    "semver": {
      "version": "5.7.1",
      "resolved": "https://registry.npmjs.org/semver/-/semver-5.7.1.tgz",
      "integrity": "sha512-sauaDf/PZdVgrLTNYHRtpXa1iRiKcaebiKQ1BJdpQlWH2lCvexQdX55snPFyK7QzpudqbCI0qXFfOasHdyNDGQ==",
      "dev": true
    },
    "type": {
      "version": "1.2.0",
      "resolved": "https://registry.npmjs.org/type/-/type-1.2.0.tgz",
      "integrity": "sha512-+5nt5AAniqsCnu2cEQQdpzCAh33kVx8n0VoFidKpB1dVVLAN/F+bgVOqOJqOnEnrhp222clB5p3vUlD+1QAnfg==",
      "dev": true
    }
  }
}
